// !$*UTF8*$!
{
	archiveVersion = 1;
	classes = {
	};
	objectVersion = 56;
	objects = {

/* Begin PBXBuildFile section */
		41239C7029B2B5AA008AAE70 /* GoogleService-Info.plist in Resources */ = {isa = PBXBuildFile; fileRef = 41239C6F29B2B5AA008AAE70 /* GoogleService-Info.plist */; };
		41239C7329B2B67C008AAE70 /* FirebaseAnalytics in Frameworks */ = {isa = PBXBuildFile; productRef = 41239C7229B2B67C008AAE70 /* FirebaseAnalytics */; };
		41239C7529B2B67C008AAE70 /* FirebaseCrashlytics in Frameworks */ = {isa = PBXBuildFile; productRef = 41239C7429B2B67C008AAE70 /* FirebaseCrashlytics */; };
		41239C7729B2B6CE008AAE70 /* Analytics.swift in Sources */ = {isa = PBXBuildFile; fileRef = 41239C7629B2B6CE008AAE70 /* Analytics.swift */; };
		41239C7A29B353FB008AAE70 /* PageView.swift in Sources */ = {isa = PBXBuildFile; fileRef = 41239C7929B353FB008AAE70 /* PageView.swift */; };
		4126336829BEAF990012A475 /* FirebaseAnalytics in Frameworks */ = {isa = PBXBuildFile; productRef = 4126336729BEAF990012A475 /* FirebaseAnalytics */; };
		41765D76299C182C00C66C30 /* CalculatorStack.swift in Sources */ = {isa = PBXBuildFile; fileRef = 41765D75299C182C00C66C30 /* CalculatorStack.swift */; };
		41765D78299C3E3A00C66C30 /* Collection+Extension.swift in Sources */ = {isa = PBXBuildFile; fileRef = 41765D77299C3E3A00C66C30 /* Collection+Extension.swift */; };
		41765D7A299D526000C66C30 /* EdgeInsets_Extension.swift in Sources */ = {isa = PBXBuildFile; fileRef = 41765D79299D525F00C66C30 /* EdgeInsets_Extension.swift */; };
		41765D7D299D5D1E00C66C30 /* Catamaran-VariableFont_wght.ttf in Resources */ = {isa = PBXBuildFile; fileRef = 41765D7C299D5D1E00C66C30 /* Catamaran-VariableFont_wght.ttf */; };
		41765D7F299D5FCF00C66C30 /* MainTabBarView.swift in Sources */ = {isa = PBXBuildFile; fileRef = 41765D7E299D5FCF00C66C30 /* MainTabBarView.swift */; };
		41765D82299FFC0900C66C30 /* PasteBoard.swift in Sources */ = {isa = PBXBuildFile; fileRef = 41765D81299FFC0900C66C30 /* PasteBoard.swift */; };
		41765D8529A0021100C66C30 /* MockPasteboard.swift in Sources */ = {isa = PBXBuildFile; fileRef = 41765D8429A0021100C66C30 /* MockPasteboard.swift */; };
		417C8C9B2997E27C0027507B /* UnitConversionTests.swift in Sources */ = {isa = PBXBuildFile; fileRef = 417C8C9A2997E27C0027507B /* UnitConversionTests.swift */; };
		417C8C9D2997F48D0027507B /* LoanCalculatorTests.swift in Sources */ = {isa = PBXBuildFile; fileRef = 417C8C9C2997F48D0027507B /* LoanCalculatorTests.swift */; };
		417C8CA3299BB85D0027507B /* CalculatorButtonOption.swift in Sources */ = {isa = PBXBuildFile; fileRef = 417C8CA2299BB85D0027507B /* CalculatorButtonOption.swift */; };
		417C8CA5299BB9820027507B /* CalculatorButton.swift in Sources */ = {isa = PBXBuildFile; fileRef = 417C8CA4299BB9820027507B /* CalculatorButton.swift */; };
		417C8CA7299BF66A0027507B /* Operator.swift in Sources */ = {isa = PBXBuildFile; fileRef = 417C8CA6299BF66A0027507B /* Operator.swift */; };
		4187DBF52922AB7D0026ABB2 /* WonderCalcApp.swift in Sources */ = {isa = PBXBuildFile; fileRef = 4187DBF42922AB7D0026ABB2 /* WonderCalcApp.swift */; };
		4187DBF72922AB7D0026ABB2 /* CalculatorView.swift in Sources */ = {isa = PBXBuildFile; fileRef = 4187DBF62922AB7D0026ABB2 /* CalculatorView.swift */; };
		4187DBF92922AB800026ABB2 /* Assets.xcassets in Resources */ = {isa = PBXBuildFile; fileRef = 4187DBF82922AB800026ABB2 /* Assets.xcassets */; };
		4187DBFC2922AB800026ABB2 /* Preview Assets.xcassets in Resources */ = {isa = PBXBuildFile; fileRef = 4187DBFB2922AB800026ABB2 /* Preview Assets.xcassets */; };
		4187DC212922BE810026ABB2 /* Calculator.swift in Sources */ = {isa = PBXBuildFile; fileRef = 4187DC202922BE810026ABB2 /* Calculator.swift */; };
		4187DC272922D10F0026ABB2 /* CalculatorTests.swift in Sources */ = {isa = PBXBuildFile; fileRef = 4187DC262922D10F0026ABB2 /* CalculatorTests.swift */; };
		4187DC2A2922E5420026ABB2 /* NumberFormatter+Extension.swift in Sources */ = {isa = PBXBuildFile; fileRef = 4187DC292922E5420026ABB2 /* NumberFormatter+Extension.swift */; };
		41A827B229BB9BD300C77BAD /* LengthUnit.swift in Sources */ = {isa = PBXBuildFile; fileRef = 41A827B129BB9BD300C77BAD /* LengthUnit.swift */; };
		41A827B429BB9BF000C77BAD /* WeightUnit.swift in Sources */ = {isa = PBXBuildFile; fileRef = 41A827B329BB9BF000C77BAD /* WeightUnit.swift */; };
		41A827B629BB9C0A00C77BAD /* TemperatureUnit.swift in Sources */ = {isa = PBXBuildFile; fileRef = 41A827B529BB9C0A00C77BAD /* TemperatureUnit.swift */; };
		41A827B829BB9C2900C77BAD /* TimeUnit.swift in Sources */ = {isa = PBXBuildFile; fileRef = 41A827B729BB9C2900C77BAD /* TimeUnit.swift */; };
		41A827BA29BB9C3A00C77BAD /* VolumeUnit.swift in Sources */ = {isa = PBXBuildFile; fileRef = 41A827B929BB9C3A00C77BAD /* VolumeUnit.swift */; };
		41A827BC29BB9C5000C77BAD /* AreaUnit.swift in Sources */ = {isa = PBXBuildFile; fileRef = 41A827BB29BB9C5000C77BAD /* AreaUnit.swift */; };
		41C5F24729273CB40079BD12 /* LoanView.swift in Sources */ = {isa = PBXBuildFile; fileRef = 41C5F24629273CB40079BD12 /* LoanView.swift */; };
		41C5F24929273CEB0079BD12 /* LoanCalculator.swift in Sources */ = {isa = PBXBuildFile; fileRef = 41C5F24829273CEB0079BD12 /* LoanCalculator.swift */; };
		41C5F24B2927EFBC0079BD12 /* AboutView.swift in Sources */ = {isa = PBXBuildFile; fileRef = 41C5F24A2927EFBC0079BD12 /* AboutView.swift */; };
		41C5F24F292973510079BD12 /* Font+Extension.swift in Sources */ = {isa = PBXBuildFile; fileRef = 41C5F24E292973510079BD12 /* Font+Extension.swift */; };
		41C5F251292975250079BD12 /* PickerRow.swift in Sources */ = {isa = PBXBuildFile; fileRef = 41C5F250292975250079BD12 /* PickerRow.swift */; };
		41C5F253292995CE0079BD12 /* View+Extension.swift in Sources */ = {isa = PBXBuildFile; fileRef = 41C5F252292995CE0079BD12 /* View+Extension.swift */; };
		41C5F2592929B6B30079BD12 /* TextFieldRow.swift in Sources */ = {isa = PBXBuildFile; fileRef = 41C5F2582929B6B30079BD12 /* TextFieldRow.swift */; };
		41E6980A292582F50024C00F /* UnitsView.swift in Sources */ = {isa = PBXBuildFile; fileRef = 41E69809292582F50024C00F /* UnitsView.swift */; };
		41E6980C292583860024C00F /* Unit.swift in Sources */ = {isa = PBXBuildFile; fileRef = 41E6980B292583860024C00F /* Unit.swift */; };
/* End PBXBuildFile section */

/* Begin PBXContainerItemProxy section */
		4187DC022922AB800026ABB2 /* PBXContainerItemProxy */ = {
			isa = PBXContainerItemProxy;
			containerPortal = 4187DBE92922AB7D0026ABB2 /* Project object */;
			proxyType = 1;
			remoteGlobalIDString = 4187DBF02922AB7D0026ABB2;
			remoteInfo = WonderCalc;
		};
/* End PBXContainerItemProxy section */

/* Begin PBXFileReference section */
		41239C6F29B2B5AA008AAE70 /* GoogleService-Info.plist */ = {isa = PBXFileReference; fileEncoding = 4; lastKnownFileType = text.plist.xml; path = "GoogleService-Info.plist"; sourceTree = "<group>"; };
		41239C7629B2B6CE008AAE70 /* Analytics.swift */ = {isa = PBXFileReference; lastKnownFileType = sourcecode.swift; path = Analytics.swift; sourceTree = "<group>"; };
		41239C7929B353FB008AAE70 /* PageView.swift */ = {isa = PBXFileReference; lastKnownFileType = sourcecode.swift; path = PageView.swift; sourceTree = "<group>"; };
		41765D75299C182C00C66C30 /* CalculatorStack.swift */ = {isa = PBXFileReference; lastKnownFileType = sourcecode.swift; path = CalculatorStack.swift; sourceTree = "<group>"; };
		41765D77299C3E3A00C66C30 /* Collection+Extension.swift */ = {isa = PBXFileReference; lastKnownFileType = sourcecode.swift; path = "Collection+Extension.swift"; sourceTree = "<group>"; };
		41765D79299D525F00C66C30 /* EdgeInsets_Extension.swift */ = {isa = PBXFileReference; lastKnownFileType = sourcecode.swift; path = EdgeInsets_Extension.swift; sourceTree = "<group>"; };
		41765D7C299D5D1E00C66C30 /* Catamaran-VariableFont_wght.ttf */ = {isa = PBXFileReference; lastKnownFileType = file; path = "Catamaran-VariableFont_wght.ttf"; sourceTree = "<group>"; };
		41765D7E299D5FCF00C66C30 /* MainTabBarView.swift */ = {isa = PBXFileReference; lastKnownFileType = sourcecode.swift; path = MainTabBarView.swift; sourceTree = "<group>"; };
		41765D81299FFC0900C66C30 /* PasteBoard.swift */ = {isa = PBXFileReference; lastKnownFileType = sourcecode.swift; path = PasteBoard.swift; sourceTree = "<group>"; };
		41765D8429A0021100C66C30 /* MockPasteboard.swift */ = {isa = PBXFileReference; lastKnownFileType = sourcecode.swift; path = MockPasteboard.swift; sourceTree = "<group>"; };
		417C8C9A2997E27C0027507B /* UnitConversionTests.swift */ = {isa = PBXFileReference; lastKnownFileType = sourcecode.swift; path = UnitConversionTests.swift; sourceTree = "<group>"; };
		417C8C9C2997F48D0027507B /* LoanCalculatorTests.swift */ = {isa = PBXFileReference; lastKnownFileType = sourcecode.swift; path = LoanCalculatorTests.swift; sourceTree = "<group>"; };
		417C8CA2299BB85D0027507B /* CalculatorButtonOption.swift */ = {isa = PBXFileReference; lastKnownFileType = sourcecode.swift; path = CalculatorButtonOption.swift; sourceTree = "<group>"; };
		417C8CA4299BB9820027507B /* CalculatorButton.swift */ = {isa = PBXFileReference; lastKnownFileType = sourcecode.swift; path = CalculatorButton.swift; sourceTree = "<group>"; };
		417C8CA6299BF66A0027507B /* Operator.swift */ = {isa = PBXFileReference; lastKnownFileType = sourcecode.swift; path = Operator.swift; sourceTree = "<group>"; };
		4187DBF12922AB7D0026ABB2 /* WonderCalc.app */ = {isa = PBXFileReference; explicitFileType = wrapper.application; includeInIndex = 0; path = WonderCalc.app; sourceTree = BUILT_PRODUCTS_DIR; };
		4187DBF42922AB7D0026ABB2 /* WonderCalcApp.swift */ = {isa = PBXFileReference; lastKnownFileType = sourcecode.swift; path = WonderCalcApp.swift; sourceTree = "<group>"; };
		4187DBF62922AB7D0026ABB2 /* CalculatorView.swift */ = {isa = PBXFileReference; lastKnownFileType = sourcecode.swift; path = CalculatorView.swift; sourceTree = "<group>"; };
		4187DBF82922AB800026ABB2 /* Assets.xcassets */ = {isa = PBXFileReference; lastKnownFileType = folder.assetcatalog; path = Assets.xcassets; sourceTree = "<group>"; };
		4187DBFB2922AB800026ABB2 /* Preview Assets.xcassets */ = {isa = PBXFileReference; lastKnownFileType = folder.assetcatalog; path = "Preview Assets.xcassets"; sourceTree = "<group>"; };
		4187DC012922AB800026ABB2 /* WonderCalcTests.xctest */ = {isa = PBXFileReference; explicitFileType = wrapper.cfbundle; includeInIndex = 0; path = WonderCalcTests.xctest; sourceTree = BUILT_PRODUCTS_DIR; };
		4187DC202922BE810026ABB2 /* Calculator.swift */ = {isa = PBXFileReference; lastKnownFileType = sourcecode.swift; path = Calculator.swift; sourceTree = "<group>"; };
		4187DC262922D10F0026ABB2 /* CalculatorTests.swift */ = {isa = PBXFileReference; lastKnownFileType = sourcecode.swift; path = CalculatorTests.swift; sourceTree = "<group>"; };
		4187DC292922E5420026ABB2 /* NumberFormatter+Extension.swift */ = {isa = PBXFileReference; lastKnownFileType = sourcecode.swift; path = "NumberFormatter+Extension.swift"; sourceTree = "<group>"; };
		41A827B129BB9BD300C77BAD /* LengthUnit.swift */ = {isa = PBXFileReference; lastKnownFileType = sourcecode.swift; path = LengthUnit.swift; sourceTree = "<group>"; };
		41A827B329BB9BF000C77BAD /* WeightUnit.swift */ = {isa = PBXFileReference; lastKnownFileType = sourcecode.swift; path = WeightUnit.swift; sourceTree = "<group>"; };
		41A827B529BB9C0A00C77BAD /* TemperatureUnit.swift */ = {isa = PBXFileReference; lastKnownFileType = sourcecode.swift; path = TemperatureUnit.swift; sourceTree = "<group>"; };
		41A827B729BB9C2900C77BAD /* TimeUnit.swift */ = {isa = PBXFileReference; lastKnownFileType = sourcecode.swift; path = TimeUnit.swift; sourceTree = "<group>"; };
		41A827B929BB9C3A00C77BAD /* VolumeUnit.swift */ = {isa = PBXFileReference; lastKnownFileType = sourcecode.swift; path = VolumeUnit.swift; sourceTree = "<group>"; };
		41A827BB29BB9C5000C77BAD /* AreaUnit.swift */ = {isa = PBXFileReference; lastKnownFileType = sourcecode.swift; path = AreaUnit.swift; sourceTree = "<group>"; };
		41C5F24629273CB40079BD12 /* LoanView.swift */ = {isa = PBXFileReference; lastKnownFileType = sourcecode.swift; path = LoanView.swift; sourceTree = "<group>"; };
		41C5F24829273CEB0079BD12 /* LoanCalculator.swift */ = {isa = PBXFileReference; lastKnownFileType = sourcecode.swift; path = LoanCalculator.swift; sourceTree = "<group>"; };
		41C5F24A2927EFBC0079BD12 /* AboutView.swift */ = {isa = PBXFileReference; lastKnownFileType = sourcecode.swift; path = AboutView.swift; sourceTree = "<group>"; };
		41C5F24D29284C230079BD12 /* Info.plist */ = {isa = PBXFileReference; lastKnownFileType = text.plist; path = Info.plist; sourceTree = "<group>"; };
		41C5F24E292973510079BD12 /* Font+Extension.swift */ = {isa = PBXFileReference; lastKnownFileType = sourcecode.swift; path = "Font+Extension.swift"; sourceTree = "<group>"; };
		41C5F250292975250079BD12 /* PickerRow.swift */ = {isa = PBXFileReference; lastKnownFileType = sourcecode.swift; path = PickerRow.swift; sourceTree = "<group>"; };
		41C5F252292995CE0079BD12 /* View+Extension.swift */ = {isa = PBXFileReference; lastKnownFileType = sourcecode.swift; path = "View+Extension.swift"; sourceTree = "<group>"; };
		41C5F2582929B6B30079BD12 /* TextFieldRow.swift */ = {isa = PBXFileReference; lastKnownFileType = sourcecode.swift; path = TextFieldRow.swift; sourceTree = "<group>"; };
		41E69809292582F50024C00F /* UnitsView.swift */ = {isa = PBXFileReference; lastKnownFileType = sourcecode.swift; path = UnitsView.swift; sourceTree = "<group>"; };
		41E6980B292583860024C00F /* Unit.swift */ = {isa = PBXFileReference; lastKnownFileType = sourcecode.swift; path = Unit.swift; sourceTree = "<group>"; };
/* End PBXFileReference section */

/* Begin PBXFrameworksBuildPhase section */
		4187DBEE2922AB7D0026ABB2 /* Frameworks */ = {
			isa = PBXFrameworksBuildPhase;
			buildActionMask = 2147483647;
			files = (
				41239C7329B2B67C008AAE70 /* FirebaseAnalytics in Frameworks */,
				41239C7529B2B67C008AAE70 /* FirebaseCrashlytics in Frameworks */,
			);
			runOnlyForDeploymentPostprocessing = 0;
		};
		4187DBFE2922AB800026ABB2 /* Frameworks */ = {
			isa = PBXFrameworksBuildPhase;
			buildActionMask = 2147483647;
			files = (
				4126336829BEAF990012A475 /* FirebaseAnalytics in Frameworks */,
			);
			runOnlyForDeploymentPostprocessing = 0;
		};
/* End PBXFrameworksBuildPhase section */

/* Begin PBXGroup section */
		41239C7829B353EA008AAE70 /* ViewHelpers */ = {
			isa = PBXGroup;
			children = (
				41239C7929B353FB008AAE70 /* PageView.swift */,
			);
			path = ViewHelpers;
			sourceTree = "<group>";
		};
		4126336629BEAF990012A475 /* Frameworks */ = {
			isa = PBXGroup;
			children = (
			);
			name = Frameworks;
			sourceTree = "<group>";
		};
		41765D7B299D5D0E00C66C30 /* Fonts */ = {
			isa = PBXGroup;
			children = (
				41765D7C299D5D1E00C66C30 /* Catamaran-VariableFont_wght.ttf */,
			);
			path = Fonts;
			sourceTree = "<group>";
		};
		41765D80299FFBF400C66C30 /* Utilities */ = {
			isa = PBXGroup;
			children = (
				41765D81299FFC0900C66C30 /* PasteBoard.swift */,
				41239C7629B2B6CE008AAE70 /* Analytics.swift */,
			);
			path = Utilities;
			sourceTree = "<group>";
		};
		41765D8329A0020400C66C30 /* TestHelpers */ = {
			isa = PBXGroup;
			children = (
				41765D8429A0021100C66C30 /* MockPasteboard.swift */,
			);
			path = TestHelpers;
			sourceTree = "<group>";
		};
		4187DBE82922AB7D0026ABB2 = {
			isa = PBXGroup;
			children = (
				4187DBF32922AB7D0026ABB2 /* WonderCalc */,
				4187DC042922AB800026ABB2 /* WonderCalcTests */,
				4187DBF22922AB7D0026ABB2 /* Products */,
				4126336629BEAF990012A475 /* Frameworks */,
			);
			sourceTree = "<group>";
		};
		4187DBF22922AB7D0026ABB2 /* Products */ = {
			isa = PBXGroup;
			children = (
				4187DBF12922AB7D0026ABB2 /* WonderCalc.app */,
				4187DC012922AB800026ABB2 /* WonderCalcTests.xctest */,
			);
			name = Products;
			sourceTree = "<group>";
		};
		4187DBF32922AB7D0026ABB2 /* WonderCalc */ = {
			isa = PBXGroup;
			children = (
				41C5F24D29284C230079BD12 /* Info.plist */,
				41239C6F29B2B5AA008AAE70 /* GoogleService-Info.plist */,
				4187DC282922E5310026ABB2 /* Extensions */,
				4187DC1F2922BE740026ABB2 /* Models */,
				4187DC1E2922ABE30026ABB2 /* Views */,
				41765D80299FFBF400C66C30 /* Utilities */,
				4187DBF42922AB7D0026ABB2 /* WonderCalcApp.swift */,
				4187DBF82922AB800026ABB2 /* Assets.xcassets */,
				41765D7B299D5D0E00C66C30 /* Fonts */,
				4187DBFA2922AB800026ABB2 /* Preview Content */,
			);
			path = WonderCalc;
			sourceTree = "<group>";
		};
		4187DBFA2922AB800026ABB2 /* Preview Content */ = {
			isa = PBXGroup;
			children = (
				4187DBFB2922AB800026ABB2 /* Preview Assets.xcassets */,
			);
			path = "Preview Content";
			sourceTree = "<group>";
		};
		4187DC042922AB800026ABB2 /* WonderCalcTests */ = {
			isa = PBXGroup;
			children = (
				41765D8329A0020400C66C30 /* TestHelpers */,
				4187DC262922D10F0026ABB2 /* CalculatorTests.swift */,
				417C8C9A2997E27C0027507B /* UnitConversionTests.swift */,
				417C8C9C2997F48D0027507B /* LoanCalculatorTests.swift */,
			);
			path = WonderCalcTests;
			sourceTree = "<group>";
		};
		4187DC1E2922ABE30026ABB2 /* Views */ = {
			isa = PBXGroup;
			children = (
				41239C7829B353EA008AAE70 /* ViewHelpers */,
				41C5F2572929B67F0079BD12 /* Components */,
				4187DBF62922AB7D0026ABB2 /* CalculatorView.swift */,
				41C5F24A2927EFBC0079BD12 /* AboutView.swift */,
				41E69809292582F50024C00F /* UnitsView.swift */,
				41C5F24629273CB40079BD12 /* LoanView.swift */,
				41765D7E299D5FCF00C66C30 /* MainTabBarView.swift */,
			);
			path = Views;
			sourceTree = "<group>";
		};
		4187DC1F2922BE740026ABB2 /* Models */ = {
			isa = PBXGroup;
			children = (
				41A827B029BB9BC100C77BAD /* Units */,
				4187DC202922BE810026ABB2 /* Calculator.swift */,
				41E6980B292583860024C00F /* Unit.swift */,
				41C5F24829273CEB0079BD12 /* LoanCalculator.swift */,
				417C8CA2299BB85D0027507B /* CalculatorButtonOption.swift */,
				417C8CA6299BF66A0027507B /* Operator.swift */,
				41765D75299C182C00C66C30 /* CalculatorStack.swift */,
			);
			path = Models;
			sourceTree = "<group>";
		};
		4187DC282922E5310026ABB2 /* Extensions */ = {
			isa = PBXGroup;
			children = (
				4187DC292922E5420026ABB2 /* NumberFormatter+Extension.swift */,
				41C5F24E292973510079BD12 /* Font+Extension.swift */,
				41C5F252292995CE0079BD12 /* View+Extension.swift */,
				41765D77299C3E3A00C66C30 /* Collection+Extension.swift */,
				41765D79299D525F00C66C30 /* EdgeInsets_Extension.swift */,
			);
			path = Extensions;
			sourceTree = "<group>";
		};
		41A827B029BB9BC100C77BAD /* Units */ = {
			isa = PBXGroup;
			children = (
				41A827B129BB9BD300C77BAD /* LengthUnit.swift */,
				41A827B329BB9BF000C77BAD /* WeightUnit.swift */,
				41A827B529BB9C0A00C77BAD /* TemperatureUnit.swift */,
				41A827B729BB9C2900C77BAD /* TimeUnit.swift */,
				41A827B929BB9C3A00C77BAD /* VolumeUnit.swift */,
				41A827BB29BB9C5000C77BAD /* AreaUnit.swift */,
			);
			path = Units;
			sourceTree = "<group>";
		};
		41C5F2572929B67F0079BD12 /* Components */ = {
			isa = PBXGroup;
			children = (
				41C5F250292975250079BD12 /* PickerRow.swift */,
				41C5F2582929B6B30079BD12 /* TextFieldRow.swift */,
				417C8CA4299BB9820027507B /* CalculatorButton.swift */,
			);
			path = Components;
			sourceTree = "<group>";
		};
/* End PBXGroup section */

/* Begin PBXNativeTarget section */
		4187DBF02922AB7D0026ABB2 /* WonderCalc */ = {
			isa = PBXNativeTarget;
			buildConfigurationList = 4187DC152922AB800026ABB2 /* Build configuration list for PBXNativeTarget "WonderCalc" */;
			buildPhases = (
				4187DBED2922AB7D0026ABB2 /* Sources */,
				4187DBEE2922AB7D0026ABB2 /* Frameworks */,
				4187DBEF2922AB7D0026ABB2 /* Resources */,
				41A827F629BCB77A00C77BAD /* ShellScript */,
			);
			buildRules = (
			);
			dependencies = (
			);
			name = WonderCalc;
			packageProductDependencies = (
				41239C7229B2B67C008AAE70 /* FirebaseAnalytics */,
				41239C7429B2B67C008AAE70 /* FirebaseCrashlytics */,
			);
			productName = WonderCalc;
			productReference = 4187DBF12922AB7D0026ABB2 /* WonderCalc.app */;
			productType = "com.apple.product-type.application";
		};
		4187DC002922AB800026ABB2 /* WonderCalcTests */ = {
			isa = PBXNativeTarget;
			buildConfigurationList = 4187DC182922AB800026ABB2 /* Build configuration list for PBXNativeTarget "WonderCalcTests" */;
			buildPhases = (
				4187DBFD2922AB800026ABB2 /* Sources */,
				4187DBFE2922AB800026ABB2 /* Frameworks */,
				4187DBFF2922AB800026ABB2 /* Resources */,
			);
			buildRules = (
			);
			dependencies = (
				4187DC032922AB800026ABB2 /* PBXTargetDependency */,
			);
			name = WonderCalcTests;
			packageProductDependencies = (
				4126336729BEAF990012A475 /* FirebaseAnalytics */,
			);
			productName = WonderCalcTests;
			productReference = 4187DC012922AB800026ABB2 /* WonderCalcTests.xctest */;
			productType = "com.apple.product-type.bundle.unit-test";
		};
/* End PBXNativeTarget section */

/* Begin PBXProject section */
		4187DBE92922AB7D0026ABB2 /* Project object */ = {
			isa = PBXProject;
			attributes = {
				BuildIndependentTargetsInParallel = 1;
				LastSwiftUpdateCheck = 1400;
				LastUpgradeCheck = 1400;
				TargetAttributes = {
					4187DBF02922AB7D0026ABB2 = {
						CreatedOnToolsVersion = 14.0.1;
					};
					4187DC002922AB800026ABB2 = {
						CreatedOnToolsVersion = 14.0.1;
						TestTargetID = 4187DBF02922AB7D0026ABB2;
					};
				};
			};
			buildConfigurationList = 4187DBEC2922AB7D0026ABB2 /* Build configuration list for PBXProject "WonderCalc" */;
			compatibilityVersion = "Xcode 14.0";
			developmentRegion = en;
			hasScannedForEncodings = 0;
			knownRegions = (
				en,
				Base,
			);
			mainGroup = 4187DBE82922AB7D0026ABB2;
			packageReferences = (
				41239C7129B2B67C008AAE70 /* XCRemoteSwiftPackageReference "firebase-ios-sdk" */,
			);
			productRefGroup = 4187DBF22922AB7D0026ABB2 /* Products */;
			projectDirPath = "";
			projectRoot = "";
			targets = (
				4187DBF02922AB7D0026ABB2 /* WonderCalc */,
				4187DC002922AB800026ABB2 /* WonderCalcTests */,
			);
		};
/* End PBXProject section */

/* Begin PBXResourcesBuildPhase section */
		4187DBEF2922AB7D0026ABB2 /* Resources */ = {
			isa = PBXResourcesBuildPhase;
			buildActionMask = 2147483647;
			files = (
				41765D7D299D5D1E00C66C30 /* Catamaran-VariableFont_wght.ttf in Resources */,
				4187DBFC2922AB800026ABB2 /* Preview Assets.xcassets in Resources */,
				4187DBF92922AB800026ABB2 /* Assets.xcassets in Resources */,
				41239C7029B2B5AA008AAE70 /* GoogleService-Info.plist in Resources */,
			);
			runOnlyForDeploymentPostprocessing = 0;
		};
		4187DBFF2922AB800026ABB2 /* Resources */ = {
			isa = PBXResourcesBuildPhase;
			buildActionMask = 2147483647;
			files = (
			);
			runOnlyForDeploymentPostprocessing = 0;
		};
/* End PBXResourcesBuildPhase section */

/* Begin PBXShellScriptBuildPhase section */
		41A827F629BCB77A00C77BAD /* ShellScript */ = {
			isa = PBXShellScriptBuildPhase;
			buildActionMask = 2147483647;
			files = (
			);
			inputFileListPaths = (
			);
			inputPaths = (
				"${DWARF_DSYM_FOLDER_PATH}/${DWARF_DSYM_FILE_NAME}/Contents/Resources/DWARF/${TARGET_NAME}",
				"$(SRCROOT)/$(BUILT_PRODUCTS_DIR)/$(INFOPLIST_PATH)",
			);
			outputFileListPaths = (
			);
			outputPaths = (
			);
			runOnlyForDeploymentPostprocessing = 0;
			shellPath = /bin/sh;
			shellScript = "# Type a script or drag a script file from your workspace to insert its path.\n\"${BUILD_DIR%/Build/*}/SourcePackages/checkouts/firebase-ios-sdk/Crashlytics/run\"\n";
		};
/* End PBXShellScriptBuildPhase section */

/* Begin PBXSourcesBuildPhase section */
		4187DBED2922AB7D0026ABB2 /* Sources */ = {
			isa = PBXSourcesBuildPhase;
			buildActionMask = 2147483647;
			files = (
				41C5F251292975250079BD12 /* PickerRow.swift in Sources */,
				417C8CA5299BB9820027507B /* CalculatorButton.swift in Sources */,
				4187DBF72922AB7D0026ABB2 /* CalculatorView.swift in Sources */,
				41A827B829BB9C2900C77BAD /* TimeUnit.swift in Sources */,
				41C5F253292995CE0079BD12 /* View+Extension.swift in Sources */,
				41239C7729B2B6CE008AAE70 /* Analytics.swift in Sources */,
				417C8CA7299BF66A0027507B /* Operator.swift in Sources */,
				41239C7A29B353FB008AAE70 /* PageView.swift in Sources */,
				41A827B229BB9BD300C77BAD /* LengthUnit.swift in Sources */,
				41A827B629BB9C0A00C77BAD /* TemperatureUnit.swift in Sources */,
				41C5F24729273CB40079BD12 /* LoanView.swift in Sources */,
				41A827B429BB9BF000C77BAD /* WeightUnit.swift in Sources */,
				4187DC2A2922E5420026ABB2 /* NumberFormatter+Extension.swift in Sources */,
				41765D78299C3E3A00C66C30 /* Collection+Extension.swift in Sources */,
				4187DBF52922AB7D0026ABB2 /* WonderCalcApp.swift in Sources */,
				41765D7F299D5FCF00C66C30 /* MainTabBarView.swift in Sources */,
				41C5F2592929B6B30079BD12 /* TextFieldRow.swift in Sources */,
				41A827BA29BB9C3A00C77BAD /* VolumeUnit.swift in Sources */,
				41C5F24929273CEB0079BD12 /* LoanCalculator.swift in Sources */,
				41765D76299C182C00C66C30 /* CalculatorStack.swift in Sources */,
				41C5F24B2927EFBC0079BD12 /* AboutView.swift in Sources */,
				41E6980A292582F50024C00F /* UnitsView.swift in Sources */,
				41E6980C292583860024C00F /* Unit.swift in Sources */,
				41C5F24F292973510079BD12 /* Font+Extension.swift in Sources */,
				41A827BC29BB9C5000C77BAD /* AreaUnit.swift in Sources */,
				4187DC212922BE810026ABB2 /* Calculator.swift in Sources */,
				41765D7A299D526000C66C30 /* EdgeInsets_Extension.swift in Sources */,
				417C8CA3299BB85D0027507B /* CalculatorButtonOption.swift in Sources */,
				41765D82299FFC0900C66C30 /* PasteBoard.swift in Sources */,
			);
			runOnlyForDeploymentPostprocessing = 0;
		};
		4187DBFD2922AB800026ABB2 /* Sources */ = {
			isa = PBXSourcesBuildPhase;
			buildActionMask = 2147483647;
			files = (
				4187DC272922D10F0026ABB2 /* CalculatorTests.swift in Sources */,
				417C8C9D2997F48D0027507B /* LoanCalculatorTests.swift in Sources */,
				41765D8529A0021100C66C30 /* MockPasteboard.swift in Sources */,
				417C8C9B2997E27C0027507B /* UnitConversionTests.swift in Sources */,
			);
			runOnlyForDeploymentPostprocessing = 0;
		};
/* End PBXSourcesBuildPhase section */

/* Begin PBXTargetDependency section */
		4187DC032922AB800026ABB2 /* PBXTargetDependency */ = {
			isa = PBXTargetDependency;
			target = 4187DBF02922AB7D0026ABB2 /* WonderCalc */;
			targetProxy = 4187DC022922AB800026ABB2 /* PBXContainerItemProxy */;
		};
/* End PBXTargetDependency section */

/* Begin XCBuildConfiguration section */
		4187DC132922AB800026ABB2 /* Debug */ = {
			isa = XCBuildConfiguration;
			buildSettings = {
				ALWAYS_SEARCH_USER_PATHS = NO;
				CLANG_ANALYZER_NONNULL = YES;
				CLANG_ANALYZER_NUMBER_OBJECT_CONVERSION = YES_AGGRESSIVE;
				CLANG_CXX_LANGUAGE_STANDARD = "gnu++20";
				CLANG_ENABLE_MODULES = YES;
				CLANG_ENABLE_OBJC_ARC = YES;
				CLANG_ENABLE_OBJC_WEAK = YES;
				CLANG_WARN_BLOCK_CAPTURE_AUTORELEASING = YES;
				CLANG_WARN_BOOL_CONVERSION = YES;
				CLANG_WARN_COMMA = YES;
				CLANG_WARN_CONSTANT_CONVERSION = YES;
				CLANG_WARN_DEPRECATED_OBJC_IMPLEMENTATIONS = YES;
				CLANG_WARN_DIRECT_OBJC_ISA_USAGE = YES_ERROR;
				CLANG_WARN_DOCUMENTATION_COMMENTS = YES;
				CLANG_WARN_EMPTY_BODY = YES;
				CLANG_WARN_ENUM_CONVERSION = YES;
				CLANG_WARN_INFINITE_RECURSION = YES;
				CLANG_WARN_INT_CONVERSION = YES;
				CLANG_WARN_NON_LITERAL_NULL_CONVERSION = YES;
				CLANG_WARN_OBJC_IMPLICIT_RETAIN_SELF = YES;
				CLANG_WARN_OBJC_LITERAL_CONVERSION = YES;
				CLANG_WARN_OBJC_ROOT_CLASS = YES_ERROR;
				CLANG_WARN_QUOTED_INCLUDE_IN_FRAMEWORK_HEADER = YES;
				CLANG_WARN_RANGE_LOOP_ANALYSIS = YES;
				CLANG_WARN_STRICT_PROTOTYPES = YES;
				CLANG_WARN_SUSPICIOUS_MOVE = YES;
				CLANG_WARN_UNGUARDED_AVAILABILITY = YES_AGGRESSIVE;
				CLANG_WARN_UNREACHABLE_CODE = YES;
				CLANG_WARN__DUPLICATE_METHOD_MATCH = YES;
				COPY_PHASE_STRIP = NO;
				DEBUG_INFORMATION_FORMAT = dwarf;
				ENABLE_STRICT_OBJC_MSGSEND = YES;
				ENABLE_TESTABILITY = YES;
				GCC_C_LANGUAGE_STANDARD = gnu11;
				GCC_DYNAMIC_NO_PIC = NO;
				GCC_NO_COMMON_BLOCKS = YES;
				GCC_OPTIMIZATION_LEVEL = 0;
				GCC_PREPROCESSOR_DEFINITIONS = (
					"DEBUG=1",
					"$(inherited)",
				);
				GCC_WARN_64_TO_32_BIT_CONVERSION = YES;
				GCC_WARN_ABOUT_RETURN_TYPE = YES_ERROR;
				GCC_WARN_UNDECLARED_SELECTOR = YES;
				GCC_WARN_UNINITIALIZED_AUTOS = YES_AGGRESSIVE;
				GCC_WARN_UNUSED_FUNCTION = YES;
				GCC_WARN_UNUSED_VARIABLE = YES;
				IPHONEOS_DEPLOYMENT_TARGET = 16.0;
				MTL_ENABLE_DEBUG_INFO = INCLUDE_SOURCE;
				MTL_FAST_MATH = YES;
				ONLY_ACTIVE_ARCH = YES;
				SDKROOT = iphoneos;
				SWIFT_ACTIVE_COMPILATION_CONDITIONS = DEBUG;
				SWIFT_OPTIMIZATION_LEVEL = "-Onone";
			};
			name = Debug;
		};
		4187DC142922AB800026ABB2 /* Release */ = {
			isa = XCBuildConfiguration;
			buildSettings = {
				ALWAYS_SEARCH_USER_PATHS = NO;
				CLANG_ANALYZER_NONNULL = YES;
				CLANG_ANALYZER_NUMBER_OBJECT_CONVERSION = YES_AGGRESSIVE;
				CLANG_CXX_LANGUAGE_STANDARD = "gnu++20";
				CLANG_ENABLE_MODULES = YES;
				CLANG_ENABLE_OBJC_ARC = YES;
				CLANG_ENABLE_OBJC_WEAK = YES;
				CLANG_WARN_BLOCK_CAPTURE_AUTORELEASING = YES;
				CLANG_WARN_BOOL_CONVERSION = YES;
				CLANG_WARN_COMMA = YES;
				CLANG_WARN_CONSTANT_CONVERSION = YES;
				CLANG_WARN_DEPRECATED_OBJC_IMPLEMENTATIONS = YES;
				CLANG_WARN_DIRECT_OBJC_ISA_USAGE = YES_ERROR;
				CLANG_WARN_DOCUMENTATION_COMMENTS = YES;
				CLANG_WARN_EMPTY_BODY = YES;
				CLANG_WARN_ENUM_CONVERSION = YES;
				CLANG_WARN_INFINITE_RECURSION = YES;
				CLANG_WARN_INT_CONVERSION = YES;
				CLANG_WARN_NON_LITERAL_NULL_CONVERSION = YES;
				CLANG_WARN_OBJC_IMPLICIT_RETAIN_SELF = YES;
				CLANG_WARN_OBJC_LITERAL_CONVERSION = YES;
				CLANG_WARN_OBJC_ROOT_CLASS = YES_ERROR;
				CLANG_WARN_QUOTED_INCLUDE_IN_FRAMEWORK_HEADER = YES;
				CLANG_WARN_RANGE_LOOP_ANALYSIS = YES;
				CLANG_WARN_STRICT_PROTOTYPES = YES;
				CLANG_WARN_SUSPICIOUS_MOVE = YES;
				CLANG_WARN_UNGUARDED_AVAILABILITY = YES_AGGRESSIVE;
				CLANG_WARN_UNREACHABLE_CODE = YES;
				CLANG_WARN__DUPLICATE_METHOD_MATCH = YES;
				COPY_PHASE_STRIP = NO;
				DEBUG_INFORMATION_FORMAT = "dwarf-with-dsym";
				ENABLE_NS_ASSERTIONS = NO;
				ENABLE_STRICT_OBJC_MSGSEND = YES;
				GCC_C_LANGUAGE_STANDARD = gnu11;
				GCC_NO_COMMON_BLOCKS = YES;
				GCC_WARN_64_TO_32_BIT_CONVERSION = YES;
				GCC_WARN_ABOUT_RETURN_TYPE = YES_ERROR;
				GCC_WARN_UNDECLARED_SELECTOR = YES;
				GCC_WARN_UNINITIALIZED_AUTOS = YES_AGGRESSIVE;
				GCC_WARN_UNUSED_FUNCTION = YES;
				GCC_WARN_UNUSED_VARIABLE = YES;
				IPHONEOS_DEPLOYMENT_TARGET = 16.0;
				MTL_ENABLE_DEBUG_INFO = NO;
				MTL_FAST_MATH = YES;
				SDKROOT = iphoneos;
				SWIFT_COMPILATION_MODE = wholemodule;
				SWIFT_OPTIMIZATION_LEVEL = "-O";
				VALIDATE_PRODUCT = YES;
			};
			name = Release;
		};
		4187DC162922AB800026ABB2 /* Debug */ = {
			isa = XCBuildConfiguration;
			buildSettings = {
				ASSETCATALOG_COMPILER_APPICON_NAME = AppIcon;
				ASSETCATALOG_COMPILER_GLOBAL_ACCENT_COLOR_NAME = AccentColor;
				CODE_SIGN_STYLE = Automatic;
				CURRENT_PROJECT_VERSION = 1;
				DEBUG_INFORMATION_FORMAT = "dwarf-with-dsym";
				DEVELOPMENT_ASSET_PATHS = "\"WonderCalc/Preview Content\"";
				DEVELOPMENT_TEAM = H9526AVC2J;
				ENABLE_PREVIEWS = YES;
				GENERATE_INFOPLIST_FILE = YES;
				INFOPLIST_FILE = WonderCalc/Info.plist;
				INFOPLIST_KEY_CFBundleDisplayName = WonderCalc;
				INFOPLIST_KEY_LSApplicationCategoryType = "public.app-category.utilities";
				INFOPLIST_KEY_UIApplicationSceneManifest_Generation = YES;
				INFOPLIST_KEY_UIApplicationSupportsIndirectInputEvents = YES;
				INFOPLIST_KEY_UILaunchScreen_Generation = YES;
				INFOPLIST_KEY_UISupportedInterfaceOrientations_iPad = "UIInterfaceOrientationPortrait UIInterfaceOrientationPortraitUpsideDown UIInterfaceOrientationLandscapeLeft UIInterfaceOrientationLandscapeRight";
				INFOPLIST_KEY_UISupportedInterfaceOrientations_iPhone = UIInterfaceOrientationPortrait;
				LD_RUNPATH_SEARCH_PATHS = (
					"$(inherited)",
					"@executable_path/Frameworks",
				);
				MARKETING_VERSION = 1.0.4;
				PRODUCT_BUNDLE_IDENTIFIER = com.sharkmonkeyapps.wondercalc;
				PRODUCT_NAME = "$(TARGET_NAME)";
				SWIFT_EMIT_LOC_STRINGS = YES;
				SWIFT_VERSION = 5.0;
				TARGETED_DEVICE_FAMILY = "1,2";
			};
			name = Debug;
		};
		4187DC172922AB800026ABB2 /* Release */ = {
			isa = XCBuildConfiguration;
			buildSettings = {
				ASSETCATALOG_COMPILER_APPICON_NAME = AppIcon;
				ASSETCATALOG_COMPILER_GLOBAL_ACCENT_COLOR_NAME = AccentColor;
				CODE_SIGN_STYLE = Automatic;
				CURRENT_PROJECT_VERSION = 1;
				DEVELOPMENT_ASSET_PATHS = "\"WonderCalc/Preview Content\"";
				DEVELOPMENT_TEAM = H9526AVC2J;
				ENABLE_PREVIEWS = YES;
				GENERATE_INFOPLIST_FILE = YES;
				INFOPLIST_FILE = WonderCalc/Info.plist;
				INFOPLIST_KEY_CFBundleDisplayName = WonderCalc;
				INFOPLIST_KEY_LSApplicationCategoryType = "public.app-category.utilities";
				INFOPLIST_KEY_UIApplicationSceneManifest_Generation = YES;
				INFOPLIST_KEY_UIApplicationSupportsIndirectInputEvents = YES;
				INFOPLIST_KEY_UILaunchScreen_Generation = YES;
				INFOPLIST_KEY_UISupportedInterfaceOrientations_iPad = "UIInterfaceOrientationPortrait UIInterfaceOrientationPortraitUpsideDown UIInterfaceOrientationLandscapeLeft UIInterfaceOrientationLandscapeRight";
				INFOPLIST_KEY_UISupportedInterfaceOrientations_iPhone = UIInterfaceOrientationPortrait;
				LD_RUNPATH_SEARCH_PATHS = (
					"$(inherited)",
					"@executable_path/Frameworks",
				);
				MARKETING_VERSION = 1.0.4;
				PRODUCT_BUNDLE_IDENTIFIER = com.sharkmonkeyapps.wondercalc;
				PRODUCT_NAME = "$(TARGET_NAME)";
				SWIFT_EMIT_LOC_STRINGS = YES;
				SWIFT_VERSION = 5.0;
				TARGETED_DEVICE_FAMILY = "1,2";
			};
			name = Release;
		};
		4187DC192922AB800026ABB2 /* Debug */ = {
			isa = XCBuildConfiguration;
			buildSettings = {
				ALWAYS_EMBED_SWIFT_STANDARD_LIBRARIES = YES;
				BUNDLE_LOADER = "$(TEST_HOST)";
				CODE_SIGN_STYLE = Automatic;
				CURRENT_PROJECT_VERSION = 1;
				DEVELOPMENT_TEAM = H9526AVC2J;
				GENERATE_INFOPLIST_FILE = YES;
				IPHONEOS_DEPLOYMENT_TARGET = 16.0;
				MARKETING_VERSION = 1.0;
				PRODUCT_BUNDLE_IDENTIFIER = com.stevenschwedt.WonderCalcTests;
				PRODUCT_NAME = "$(TARGET_NAME)";
				SWIFT_EMIT_LOC_STRINGS = NO;
				SWIFT_VERSION = 5.0;
				TARGETED_DEVICE_FAMILY = "1,2";
				TEST_HOST = "$(BUILT_PRODUCTS_DIR)/WonderCalc.app/$(BUNDLE_EXECUTABLE_FOLDER_PATH)/WonderCalc";
			};
			name = Debug;
		};
		4187DC1A2922AB800026ABB2 /* Release */ = {
			isa = XCBuildConfiguration;
			buildSettings = {
				ALWAYS_EMBED_SWIFT_STANDARD_LIBRARIES = YES;
				BUNDLE_LOADER = "$(TEST_HOST)";
				CODE_SIGN_STYLE = Automatic;
				CURRENT_PROJECT_VERSION = 1;
				DEVELOPMENT_TEAM = H9526AVC2J;
				GENERATE_INFOPLIST_FILE = YES;
				IPHONEOS_DEPLOYMENT_TARGET = 16.0;
				MARKETING_VERSION = 1.0;
				PRODUCT_BUNDLE_IDENTIFIER = com.stevenschwedt.WonderCalcTests;
				PRODUCT_NAME = "$(TARGET_NAME)";
				SWIFT_EMIT_LOC_STRINGS = NO;
				SWIFT_VERSION = 5.0;
				TARGETED_DEVICE_FAMILY = "1,2";
				TEST_HOST = "$(BUILT_PRODUCTS_DIR)/WonderCalc.app/$(BUNDLE_EXECUTABLE_FOLDER_PATH)/WonderCalc";
			};
			name = Release;
		};
/* End XCBuildConfiguration section */

/* Begin XCConfigurationList section */
		4187DBEC2922AB7D0026ABB2 /* Build configuration list for PBXProject "WonderCalc" */ = {
			isa = XCConfigurationList;
			buildConfigurations = (
				4187DC132922AB800026ABB2 /* Debug */,
				4187DC142922AB800026ABB2 /* Release */,
			);
			defaultConfigurationIsVisible = 0;
			defaultConfigurationName = Release;
		};
		4187DC152922AB800026ABB2 /* Build configuration list for PBXNativeTarget "WonderCalc" */ = {
			isa = XCConfigurationList;
			buildConfigurations = (
				4187DC162922AB800026ABB2 /* Debug */,
				4187DC172922AB800026ABB2 /* Release */,
			);
			defaultConfigurationIsVisible = 0;
			defaultConfigurationName = Release;
		};
		4187DC182922AB800026ABB2 /* Build configuration list for PBXNativeTarget "WonderCalcTests" */ = {
			isa = XCConfigurationList;
			buildConfigurations = (
				4187DC192922AB800026ABB2 /* Debug */,
				4187DC1A2922AB800026ABB2 /* Release */,
			);
			defaultConfigurationIsVisible = 0;
			defaultConfigurationName = Release;
		};
/* End XCConfigurationList section */

/* Begin XCRemoteSwiftPackageReference section */
		41239C7129B2B67C008AAE70 /* XCRemoteSwiftPackageReference "firebase-ios-sdk" */ = {
			isa = XCRemoteSwiftPackageReference;
			repositoryURL = "https://github.com/firebase/firebase-ios-sdk.git";
			requirement = {
				branch = master;
				kind = branch;
			};
		};
/* End XCRemoteSwiftPackageReference section */

/* Begin XCSwiftPackageProductDependency section */
		41239C7229B2B67C008AAE70 /* FirebaseAnalytics */ = {
			isa = XCSwiftPackageProductDependency;
			package = 41239C7129B2B67C008AAE70 /* XCRemoteSwiftPackageReference "firebase-ios-sdk" */;
			productName = FirebaseAnalytics;
		};
		41239C7429B2B67C008AAE70 /* FirebaseCrashlytics */ = {
			isa = XCSwiftPackageProductDependency;
			package = 41239C7129B2B67C008AAE70 /* XCRemoteSwiftPackageReference "firebase-ios-sdk" */;
			productName = FirebaseCrashlytics;
		};
		4126336729BEAF990012A475 /* FirebaseAnalytics */ = {
			isa = XCSwiftPackageProductDependency;
			package = 41239C7129B2B67C008AAE70 /* XCRemoteSwiftPackageReference "firebase-ios-sdk" */;
			productName = FirebaseAnalytics;
		};
/* End XCSwiftPackageProductDependency section */
	};
	rootObject = 4187DBE92922AB7D0026ABB2 /* Project object */;
}
